
Microsoft Visual Studio Solution File, Format Version 12.00
# Visual Studio 15
VisualStudioVersion = 15.0.28307.2092
MinimumVisualStudioVersion = 10.0.40219.1
Project("{8BC9CEB8-8B4A-11D0-8D11-00A0C91BC942}") = "C语言作业(3)", "C语言作业(3)\C语言作业(3).vcxproj", "{C2C1EF33-7CAF-4988-A520-279A662433B7}"
EndProject
Global
	GlobalSection(SolutionConfigurationPlatforms) = preSolution
		Debug|x64 = Debug|x64
		Debug|x86 = Debug|x86
		Release|x64 = Release|x64
		Release|x86 = Release|x86
	EndGlobalSection
	GlobalSection(ProjectConfigurationPlatforms) = postSolution
		{C2C1EF33-7CAF-4988-A520-279A662433B7}.Debug|x64.ActiveCfg = Debug|x64
		{C2C1EF33-7CAF-4988-A520-279A662433B7}.Debug|x64.Build.0 = Debug|x64
		{C2C1EF33-7CAF-4988-A520-279A662433B7}.Debug|x86.ActiveCfg = Debug|Win32
		{C2C1EF33-7CAF-4988-A520-279A662433B7}.Debug|x86.Build.0 = Debug|Win32
		{C2C1EF33-7CAF-4988-A520-279A662433B7}.Release|x64.ActiveCfg = Release|x64
		{C2C1EF33-7CAF-4988-A520-279A662433B7}.Release|x64.Build.0 = Release|x64
		{C2C1EF33-7CAF-4988-A520-279A662433B7}.Release|x86.ActiveCfg = Release|Win32
		{C2C1EF33-7CAF-4988-A520-279A662433B7}.Release|x86.Build.0 = Release|Win32
	EndGlobalSection
	GlobalSection(SolutionProperties) = preSolution
		HideSolutionNode = FALSE
	EndGlobalSection
	GlobalSection(ExtensibilityGlobals) = postSolution
		SolutionGuid = {D34AB5CE-FD03-44BE-BFC0-99EE6DFE05CD}
	EndGlobalSection
EndGlobal
