
Microsoft Visual Studio Solution File, Format Version 12.00
# Visual Studio 15
VisualStudioVersion = 15.0.33026.149
MinimumVisualStudioVersion = 10.0.40219.1
Project("{8BC9CEB8-8B4A-11D0-8D11-00A0C91BC942}") = "homework01", "homework01\homework01.vcxproj", "{E619C3C5-BA30-45FA-892E-86D683821C4E}"
EndProject
Project("{8BC9CEB8-8B4A-11D0-8D11-00A0C91BC942}") = "homework02", "..\homework02\homework02\homework02.vcxproj", "{9E9E1AC7-7686-4259-A8DC-FCD3264F988B}"
EndProject
Project("{8BC9CEB8-8B4A-11D0-8D11-00A0C91BC942}") = "homework03", "..\homework03\homework03\homework03.vcxproj", "{7CA55728-1B78-4B7A-84FE-49993B6D46CE}"
EndProject
Project("{8BC9CEB8-8B4A-11D0-8D11-00A0C91BC942}") = "homework04", "..\homework04\homework04\homework04.vcxproj", "{3E02AFEF-A5AC-4C74-AE95-664B7ADAAE61}"
EndProject
Global
	GlobalSection(SolutionConfigurationPlatforms) = preSolution
		Debug|x64 = Debug|x64
		Debug|x86 = Debug|x86
		Release|x64 = Release|x64
		Release|x86 = Release|x86
	EndGlobalSection
	GlobalSection(ProjectConfigurationPlatforms) = postSolution
		{E619C3C5-BA30-45FA-892E-86D683821C4E}.Debug|x64.ActiveCfg = Debug|x64
		{E619C3C5-BA30-45FA-892E-86D683821C4E}.Debug|x64.Build.0 = Debug|x64
		{E619C3C5-BA30-45FA-892E-86D683821C4E}.Debug|x86.ActiveCfg = Debug|Win32
		{E619C3C5-BA30-45FA-892E-86D683821C4E}.Debug|x86.Build.0 = Debug|Win32
		{E619C3C5-BA30-45FA-892E-86D683821C4E}.Release|x64.ActiveCfg = Release|x64
		{E619C3C5-BA30-45FA-892E-86D683821C4E}.Release|x64.Build.0 = Release|x64
		{E619C3C5-BA30-45FA-892E-86D683821C4E}.Release|x86.ActiveCfg = Release|Win32
		{E619C3C5-BA30-45FA-892E-86D683821C4E}.Release|x86.Build.0 = Release|Win32
		{9E9E1AC7-7686-4259-A8DC-FCD3264F988B}.Debug|x64.ActiveCfg = Debug|x64
		{9E9E1AC7-7686-4259-A8DC-FCD3264F988B}.Debug|x64.Build.0 = Debug|x64
		{9E9E1AC7-7686-4259-A8DC-FCD3264F988B}.Debug|x86.ActiveCfg = Debug|Win32
		{9E9E1AC7-7686-4259-A8DC-FCD3264F988B}.Debug|x86.Build.0 = Debug|Win32
		{9E9E1AC7-7686-4259-A8DC-FCD3264F988B}.Release|x64.ActiveCfg = Release|x64
		{9E9E1AC7-7686-4259-A8DC-FCD3264F988B}.Release|x64.Build.0 = Release|x64
		{9E9E1AC7-7686-4259-A8DC-FCD3264F988B}.Release|x86.ActiveCfg = Release|Win32
		{9E9E1AC7-7686-4259-A8DC-FCD3264F988B}.Release|x86.Build.0 = Release|Win32
		{7CA55728-1B78-4B7A-84FE-49993B6D46CE}.Debug|x64.ActiveCfg = Debug|x64
		{7CA55728-1B78-4B7A-84FE-49993B6D46CE}.Debug|x64.Build.0 = Debug|x64
		{7CA55728-1B78-4B7A-84FE-49993B6D46CE}.Debug|x86.ActiveCfg = Debug|Win32
		{7CA55728-1B78-4B7A-84FE-49993B6D46CE}.Debug|x86.Build.0 = Debug|Win32
		{7CA55728-1B78-4B7A-84FE-49993B6D46CE}.Release|x64.ActiveCfg = Release|x64
		{7CA55728-1B78-4B7A-84FE-49993B6D46CE}.Release|x64.Build.0 = Release|x64
		{7CA55728-1B78-4B7A-84FE-49993B6D46CE}.Release|x86.ActiveCfg = Release|Win32
		{7CA55728-1B78-4B7A-84FE-49993B6D46CE}.Release|x86.Build.0 = Release|Win32
		{3E02AFEF-A5AC-4C74-AE95-664B7ADAAE61}.Debug|x64.ActiveCfg = Debug|x64
		{3E02AFEF-A5AC-4C74-AE95-664B7ADAAE61}.Debug|x64.Build.0 = Debug|x64
		{3E02AFEF-A5AC-4C74-AE95-664B7ADAAE61}.Debug|x86.ActiveCfg = Debug|Win32
		{3E02AFEF-A5AC-4C74-AE95-664B7ADAAE61}.Debug|x86.Build.0 = Debug|Win32
		{3E02AFEF-A5AC-4C74-AE95-664B7ADAAE61}.Release|x64.ActiveCfg = Release|x64
		{3E02AFEF-A5AC-4C74-AE95-664B7ADAAE61}.Release|x64.Build.0 = Release|x64
		{3E02AFEF-A5AC-4C74-AE95-664B7ADAAE61}.Release|x86.ActiveCfg = Release|Win32
		{3E02AFEF-A5AC-4C74-AE95-664B7ADAAE61}.Release|x86.Build.0 = Release|Win32
	EndGlobalSection
	GlobalSection(SolutionProperties) = preSolution
		HideSolutionNode = FALSE
	EndGlobalSection
	GlobalSection(ExtensibilityGlobals) = postSolution
		SolutionGuid = {ED18A3DF-0B1A-4188-9895-B98AE85A6352}
	EndGlobalSection
EndGlobal
